
Microsoft Visual Studio Solution File, Format Version 12.00
# Visual Studio 15
VisualStudioVersion = 15.0.27130.2027
MinimumVisualStudioVersion = 10.0.40219.1
Project("{FAE04EC0-301F-11D3-BF4B-00C04F79EFBC}") = "Lands.Android", "Lands\Lands.Android\Lands.Android.csproj", "{DB03FE90-AE52-4881-896C-3B97A273C2E1}"
EndProject
Project("{FAE04EC0-301F-11D3-BF4B-00C04F79EFBC}") = "Lands.iOS", "Lands\Lands.iOS\Lands.iOS.csproj", "{37556E46-EEA3-4AF1-A9F5-45123D59D151}"
EndProject
Project("{9A19103F-16F7-4668-BE54-9A1E7A4F7556}") = "Lands", "Lands\Lands\Lands.csproj", "{04DBA8E0-0287-4916-8510-E640EDAA334F}"
EndProject
Project("{FAE04EC0-301F-11D3-BF4B-00C04F79EFBC}") = "Lands.Domain", "Lands.Domain\Lands.Domain.csproj", "{927E1537-19C8-484B-A708-538F4C5D082F}"
EndProject
Project("{FAE04EC0-301F-11D3-BF4B-00C04F79EFBC}") = "Lands.Backend", "Lands.Backend\Lands.Backend.csproj", "{83949ED0-22E0-4C11-8ED4-0DF7994FC9E6}"
EndProject
Project("{FAE04EC0-301F-11D3-BF4B-00C04F79EFBC}") = "Lands.API", "Lands.API\Lands.API.csproj", "{D69C65F7-B0AD-484B-A3B4-B6DA4BDB21BE}"
EndProject
Global
	GlobalSection(SolutionConfigurationPlatforms) = preSolution
		Ad-Hoc|Any CPU = Ad-Hoc|Any CPU
		Ad-Hoc|iPhone = Ad-Hoc|iPhone
		Ad-Hoc|iPhoneSimulator = Ad-Hoc|iPhoneSimulator
		AppStore|Any CPU = AppStore|Any CPU
		AppStore|iPhone = AppStore|iPhone
		AppStore|iPhoneSimulator = AppStore|iPhoneSimulator
		Debug|Any CPU = Debug|Any CPU
		Debug|iPhone = Debug|iPhone
		Debug|iPhoneSimulator = Debug|iPhoneSimulator
		Release|Any CPU = Release|Any CPU
		Release|iPhone = Release|iPhone
		Release|iPhoneSimulator = Release|iPhoneSimulator
	EndGlobalSection
	GlobalSection(ProjectConfigurationPlatforms) = postSolution
		{DB03FE90-AE52-4881-896C-3B97A273C2E1}.Ad-Hoc|Any CPU.ActiveCfg = Release|Any CPU
		{DB03FE90-AE52-4881-896C-3B97A273C2E1}.Ad-Hoc|Any CPU.Build.0 = Release|Any CPU
		{DB03FE90-AE52-4881-896C-3B97A273C2E1}.Ad-Hoc|Any CPU.Deploy.0 = Release|Any CPU
		{DB03FE90-AE52-4881-896C-3B97A273C2E1}.Ad-Hoc|iPhone.ActiveCfg = Release|Any CPU
		{DB03FE90-AE52-4881-896C-3B97A273C2E1}.Ad-Hoc|iPhone.Build.0 = Release|Any CPU
		{DB03FE90-AE52-4881-896C-3B97A273C2E1}.Ad-Hoc|iPhone.Deploy.0 = Release|Any CPU
		{DB03FE90-AE52-4881-896C-3B97A273C2E1}.Ad-Hoc|iPhoneSimulator.ActiveCfg = Release|Any CPU
		{DB03FE90-AE52-4881-896C-3B97A273C2E1}.Ad-Hoc|iPhoneSimulator.Build.0 = Release|Any CPU
		{DB03FE90-AE52-4881-896C-3B97A273C2E1}.Ad-Hoc|iPhoneSimulator.Deploy.0 = Release|Any CPU
		{DB03FE90-AE52-4881-896C-3B97A273C2E1}.AppStore|Any CPU.ActiveCfg = Release|Any CPU
		{DB03FE90-AE52-4881-896C-3B97A273C2E1}.AppStore|Any CPU.Build.0 = Release|Any CPU
		{DB03FE90-AE52-4881-896C-3B97A273C2E1}.AppStore|Any CPU.Deploy.0 = Release|Any CPU
		{DB03FE90-AE52-4881-896C-3B97A273C2E1}.AppStore|iPhone.ActiveCfg = Release|Any CPU
		{DB03FE90-AE52-4881-896C-3B97A273C2E1}.AppStore|iPhone.Build.0 = Release|Any CPU
		{DB03FE90-AE52-4881-896C-3B97A273C2E1}.AppStore|iPhone.Deploy.0 = Release|Any CPU
		{DB03FE90-AE52-4881-896C-3B97A273C2E1}.AppStore|iPhoneSimulator.ActiveCfg = Release|Any CPU
		{DB03FE90-AE52-4881-896C-3B97A273C2E1}.AppStore|iPhoneSimulator.Build.0 = Release|Any CPU
		{DB03FE90-AE52-4881-896C-3B97A273C2E1}.AppStore|iPhoneSimulator.Deploy.0 = Release|Any CPU
		{DB03FE90-AE52-4881-896C-3B97A273C2E1}.Debug|Any CPU.ActiveCfg = Debug|Any CPU
		{DB03FE90-AE52-4881-896C-3B97A273C2E1}.Debug|Any CPU.Build.0 = Debug|Any CPU
		{DB03FE90-AE52-4881-896C-3B97A273C2E1}.Debug|Any CPU.Deploy.0 = Debug|Any CPU
		{DB03FE90-AE52-4881-896C-3B97A273C2E1}.Debug|iPhone.ActiveCfg = Debug|Any CPU
		{DB03FE90-AE52-4881-896C-3B97A273C2E1}.Debug|iPhone.Build.0 = Debug|Any CPU
		{DB03FE90-AE52-4881-896C-3B97A273C2E1}.Debug|iPhone.Deploy.0 = Debug|Any CPU
		{DB03FE90-AE52-4881-896C-3B97A273C2E1}.Debug|iPhoneSimulator.ActiveCfg = Debug|Any CPU
		{DB03FE90-AE52-4881-896C-3B97A273C2E1}.Debug|iPhoneSimulator.Build.0 = Debug|Any CPU
		{DB03FE90-AE52-4881-896C-3B97A273C2E1}.Debug|iPhoneSimulator.Deploy.0 = Debug|Any CPU
		{DB03FE90-AE52-4881-896C-3B97A273C2E1}.Release|Any CPU.ActiveCfg = Release|Any CPU
		{DB03FE90-AE52-4881-896C-3B97A273C2E1}.Release|Any CPU.Build.0 = Release|Any CPU
		{DB03FE90-AE52-4881-896C-3B97A273C2E1}.Release|Any CPU.Deploy.0 = Release|Any CPU
		{DB03FE90-AE52-4881-896C-3B97A273C2E1}.Release|iPhone.ActiveCfg = Release|Any CPU
		{DB03FE90-AE52-4881-896C-3B97A273C2E1}.Release|iPhone.Build.0 = Release|Any CPU
		{DB03FE90-AE52-4881-896C-3B97A273C2E1}.Release|iPhone.Deploy.0 = Release|Any CPU
		{DB03FE90-AE52-4881-896C-3B97A273C2E1}.Release|iPhoneSimulator.ActiveCfg = Release|Any CPU
		{DB03FE90-AE52-4881-896C-3B97A273C2E1}.Release|iPhoneSimulator.Build.0 = Release|Any CPU
		{DB03FE90-AE52-4881-896C-3B97A273C2E1}.Release|iPhoneSimulator.Deploy.0 = Release|Any CPU
		{37556E46-EEA3-4AF1-A9F5-45123D59D151}.Ad-Hoc|Any CPU.ActiveCfg = Ad-Hoc|iPhone
		{37556E46-EEA3-4AF1-A9F5-45123D59D151}.Ad-Hoc|iPhone.ActiveCfg = Ad-Hoc|iPhone
		{37556E46-EEA3-4AF1-A9F5-45123D59D151}.Ad-Hoc|iPhone.Build.0 = Ad-Hoc|iPhone
		{37556E46-EEA3-4AF1-A9F5-45123D59D151}.Ad-Hoc|iPhoneSimulator.ActiveCfg = Ad-Hoc|iPhoneSimulator
		{37556E46-EEA3-4AF1-A9F5-45123D59D151}.Ad-Hoc|iPhoneSimulator.Build.0 = Ad-Hoc|iPhoneSimulator
		{37556E46-EEA3-4AF1-A9F5-45123D59D151}.AppStore|Any CPU.ActiveCfg = AppStore|iPhone
		{37556E46-EEA3-4AF1-A9F5-45123D59D151}.AppStore|iPhone.ActiveCfg = AppStore|iPhone
		{37556E46-EEA3-4AF1-A9F5-45123D59D151}.AppStore|iPhone.Build.0 = AppStore|iPhone
		{37556E46-EEA3-4AF1-A9F5-45123D59D151}.AppStore|iPhoneSimulator.ActiveCfg = AppStore|iPhoneSimulator
		{37556E46-EEA3-4AF1-A9F5-45123D59D151}.AppStore|iPhoneSimulator.Build.0 = AppStore|iPhoneSimulator
		{37556E46-EEA3-4AF1-A9F5-45123D59D151}.Debug|Any CPU.ActiveCfg = Debug|iPhone
		{37556E46-EEA3-4AF1-A9F5-45123D59D151}.Debug|iPhone.ActiveCfg = Debug|iPhone
		{37556E46-EEA3-4AF1-A9F5-45123D59D151}.Debug|iPhone.Build.0 = Debug|iPhone
		{37556E46-EEA3-4AF1-A9F5-45123D59D151}.Debug|iPhoneSimulator.ActiveCfg = Debug|iPhoneSimulator
		{37556E46-EEA3-4AF1-A9F5-45123D59D151}.Debug|iPhoneSimulator.Build.0 = Debug|iPhoneSimulator
		{37556E46-EEA3-4AF1-A9F5-45123D59D151}.Release|Any CPU.ActiveCfg = Release|iPhone
		{37556E46-EEA3-4AF1-A9F5-45123D59D151}.Release|iPhone.ActiveCfg = Release|iPhone
		{37556E46-EEA3-4AF1-A9F5-45123D59D151}.Release|iPhone.Build.0 = Release|iPhone
		{37556E46-EEA3-4AF1-A9F5-45123D59D151}.Release|iPhoneSimulator.ActiveCfg = Release|iPhoneSimulator
		{37556E46-EEA3-4AF1-A9F5-45123D59D151}.Release|iPhoneSimulator.Build.0 = Release|iPhoneSimulator
		{04DBA8E0-0287-4916-8510-E640EDAA334F}.Ad-Hoc|Any CPU.ActiveCfg = Debug|Any CPU
		{04DBA8E0-0287-4916-8510-E640EDAA334F}.Ad-Hoc|Any CPU.Build.0 = Debug|Any CPU
		{04DBA8E0-0287-4916-8510-E640EDAA334F}.Ad-Hoc|iPhone.ActiveCfg = Debug|Any CPU
		{04DBA8E0-0287-4916-8510-E640EDAA334F}.Ad-Hoc|iPhone.Build.0 = Debug|Any CPU
		{04DBA8E0-0287-4916-8510-E640EDAA334F}.Ad-Hoc|iPhoneSimulator.ActiveCfg = Debug|Any CPU
		{04DBA8E0-0287-4916-8510-E640EDAA334F}.Ad-Hoc|iPhoneSimulator.Build.0 = Debug|Any CPU
		{04DBA8E0-0287-4916-8510-E640EDAA334F}.AppStore|Any CPU.ActiveCfg = Debug|Any CPU
		{04DBA8E0-0287-4916-8510-E640EDAA334F}.AppStore|Any CPU.Build.0 = Debug|Any CPU
		{04DBA8E0-0287-4916-8510-E640EDAA334F}.AppStore|iPhone.ActiveCfg = Debug|Any CPU
		{04DBA8E0-0287-4916-8510-E640EDAA334F}.AppStore|iPhone.Build.0 = Debug|Any CPU
		{04DBA8E0-0287-4916-8510-E640EDAA334F}.AppStore|iPhoneSimulator.ActiveCfg = Debug|Any CPU
		{04DBA8E0-0287-4916-8510-E640EDAA334F}.AppStore|iPhoneSimulator.Build.0 = Debug|Any CPU
		{04DBA8E0-0287-4916-8510-E640EDAA334F}.Debug|Any CPU.ActiveCfg = Debug|Any CPU
		{04DBA8E0-0287-4916-8510-E640EDAA334F}.Debug|Any CPU.Build.0 = Debug|Any CPU
		{04DBA8E0-0287-4916-8510-E640EDAA334F}.Debug|iPhone.ActiveCfg = Debug|Any CPU
		{04DBA8E0-0287-4916-8510-E640EDAA334F}.Debug|iPhone.Build.0 = Debug|Any CPU
		{04DBA8E0-0287-4916-8510-E640EDAA334F}.Debug|iPhoneSimulator.ActiveCfg = Debug|Any CPU
		{04DBA8E0-0287-4916-8510-E640EDAA334F}.Debug|iPhoneSimulator.Build.0 = Debug|Any CPU
		{04DBA8E0-0287-4916-8510-E640EDAA334F}.Release|Any CPU.ActiveCfg = Release|Any CPU
		{04DBA8E0-0287-4916-8510-E640EDAA334F}.Release|Any CPU.Build.0 = Release|Any CPU
		{04DBA8E0-0287-4916-8510-E640EDAA334F}.Release|iPhone.ActiveCfg = Release|Any CPU
		{04DBA8E0-0287-4916-8510-E640EDAA334F}.Release|iPhone.Build.0 = Release|Any CPU
		{04DBA8E0-0287-4916-8510-E640EDAA334F}.Release|iPhoneSimulator.ActiveCfg = Release|Any CPU
		{04DBA8E0-0287-4916-8510-E640EDAA334F}.Release|iPhoneSimulator.Build.0 = Release|Any CPU
		{927E1537-19C8-484B-A708-538F4C5D082F}.Ad-Hoc|Any CPU.ActiveCfg = Release|Any CPU
		{927E1537-19C8-484B-A708-538F4C5D082F}.Ad-Hoc|Any CPU.Build.0 = Release|Any CPU
		{927E1537-19C8-484B-A708-538F4C5D082F}.Ad-Hoc|iPhone.ActiveCfg = Release|Any CPU
		{927E1537-19C8-484B-A708-538F4C5D082F}.Ad-Hoc|iPhone.Build.0 = Release|Any CPU
		{927E1537-19C8-484B-A708-538F4C5D082F}.Ad-Hoc|iPhoneSimulator.ActiveCfg = Release|Any CPU
		{927E1537-19C8-484B-A708-538F4C5D082F}.Ad-Hoc|iPhoneSimulator.Build.0 = Release|Any CPU
		{927E1537-19C8-484B-A708-538F4C5D082F}.AppStore|Any CPU.ActiveCfg = Release|Any CPU
		{927E1537-19C8-484B-A708-538F4C5D082F}.AppStore|Any CPU.Build.0 = Release|Any CPU
		{927E1537-19C8-484B-A708-538F4C5D082F}.AppStore|iPhone.ActiveCfg = Release|Any CPU
		{927E1537-19C8-484B-A708-538F4C5D082F}.AppStore|iPhone.Build.0 = Release|Any CPU
		{927E1537-19C8-484B-A708-538F4C5D082F}.AppStore|iPhoneSimulator.ActiveCfg = Release|Any CPU
		{927E1537-19C8-484B-A708-538F4C5D082F}.AppStore|iPhoneSimulator.Build.0 = Release|Any CPU
		{927E1537-19C8-484B-A708-538F4C5D082F}.Debug|Any CPU.ActiveCfg = Debug|Any CPU
		{927E1537-19C8-484B-A708-538F4C5D082F}.Debug|Any CPU.Build.0 = Debug|Any CPU
		{927E1537-19C8-484B-A708-538F4C5D082F}.Debug|iPhone.ActiveCfg = Debug|Any CPU
		{927E1537-19C8-484B-A708-538F4C5D082F}.Debug|iPhone.Build.0 = Debug|Any CPU
		{927E1537-19C8-484B-A708-538F4C5D082F}.Debug|iPhoneSimulator.ActiveCfg = Debug|Any CPU
		{927E1537-19C8-484B-A708-538F4C5D082F}.Debug|iPhoneSimulator.Build.0 = Debug|Any CPU
		{927E1537-19C8-484B-A708-538F4C5D082F}.Release|Any CPU.ActiveCfg = Release|Any CPU
		{927E1537-19C8-484B-A708-538F4C5D082F}.Release|Any CPU.Build.0 = Release|Any CPU
		{927E1537-19C8-484B-A708-538F4C5D082F}.Release|iPhone.ActiveCfg = Release|Any CPU
		{927E1537-19C8-484B-A708-538F4C5D082F}.Release|iPhone.Build.0 = Release|Any CPU
		{927E1537-19C8-484B-A708-538F4C5D082F}.Release|iPhoneSimulator.ActiveCfg = Release|Any CPU
		{927E1537-19C8-484B-A708-538F4C5D082F}.Release|iPhoneSimulator.Build.0 = Release|Any CPU
		{83949ED0-22E0-4C11-8ED4-0DF7994FC9E6}.Ad-Hoc|Any CPU.ActiveCfg = Release|Any CPU
		{83949ED0-22E0-4C11-8ED4-0DF7994FC9E6}.Ad-Hoc|Any CPU.Build.0 = Release|Any CPU
		{83949ED0-22E0-4C11-8ED4-0DF7994FC9E6}.Ad-Hoc|iPhone.ActiveCfg = Release|Any CPU
		{83949ED0-22E0-4C11-8ED4-0DF7994FC9E6}.Ad-Hoc|iPhone.Build.0 = Release|Any CPU
		{83949ED0-22E0-4C11-8ED4-0DF7994FC9E6}.Ad-Hoc|iPhoneSimulator.ActiveCfg = Release|Any CPU
		{83949ED0-22E0-4C11-8ED4-0DF7994FC9E6}.Ad-Hoc|iPhoneSimulator.Build.0 = Release|Any CPU
		{83949ED0-22E0-4C11-8ED4-0DF7994FC9E6}.AppStore|Any CPU.ActiveCfg = Release|Any CPU
		{83949ED0-22E0-4C11-8ED4-0DF7994FC9E6}.AppStore|Any CPU.Build.0 = Release|Any CPU
		{83949ED0-22E0-4C11-8ED4-0DF7994FC9E6}.AppStore|iPhone.ActiveCfg = Release|Any CPU
		{83949ED0-22E0-4C11-8ED4-0DF7994FC9E6}.AppStore|iPhone.Build.0 = Release|Any CPU
		{83949ED0-22E0-4C11-8ED4-0DF7994FC9E6}.AppStore|iPhoneSimulator.ActiveCfg = Release|Any CPU
		{83949ED0-22E0-4C11-8ED4-0DF7994FC9E6}.AppStore|iPhoneSimulator.Build.0 = Release|Any CPU
		{83949ED0-22E0-4C11-8ED4-0DF7994FC9E6}.Debug|Any CPU.ActiveCfg = Debug|Any CPU
		{83949ED0-22E0-4C11-8ED4-0DF7994FC9E6}.Debug|Any CPU.Build.0 = Debug|Any CPU
		{83949ED0-22E0-4C11-8ED4-0DF7994FC9E6}.Debug|iPhone.ActiveCfg = Debug|Any CPU
		{83949ED0-22E0-4C11-8ED4-0DF7994FC9E6}.Debug|iPhone.Build.0 = Debug|Any CPU
		{83949ED0-22E0-4C11-8ED4-0DF7994FC9E6}.Debug|iPhoneSimulator.ActiveCfg = Debug|Any CPU
		{83949ED0-22E0-4C11-8ED4-0DF7994FC9E6}.Debug|iPhoneSimulator.Build.0 = Debug|Any CPU
		{83949ED0-22E0-4C11-8ED4-0DF7994FC9E6}.Release|Any CPU.ActiveCfg = Release|Any CPU
		{83949ED0-22E0-4C11-8ED4-0DF7994FC9E6}.Release|Any CPU.Build.0 = Release|Any CPU
		{83949ED0-22E0-4C11-8ED4-0DF7994FC9E6}.Release|iPhone.ActiveCfg = Release|Any CPU
		{83949ED0-22E0-4C11-8ED4-0DF7994FC9E6}.Release|iPhone.Build.0 = Release|Any CPU
		{83949ED0-22E0-4C11-8ED4-0DF7994FC9E6}.Release|iPhoneSimulator.ActiveCfg = Release|Any CPU
		{83949ED0-22E0-4C11-8ED4-0DF7994FC9E6}.Release|iPhoneSimulator.Build.0 = Release|Any CPU
		{D69C65F7-B0AD-484B-A3B4-B6DA4BDB21BE}.Ad-Hoc|Any CPU.ActiveCfg = Release|Any CPU
		{D69C65F7-B0AD-484B-A3B4-B6DA4BDB21BE}.Ad-Hoc|Any CPU.Build.0 = Release|Any CPU
		{D69C65F7-B0AD-484B-A3B4-B6DA4BDB21BE}.Ad-Hoc|iPhone.ActiveCfg = Release|Any CPU
		{D69C65F7-B0AD-484B-A3B4-B6DA4BDB21BE}.Ad-Hoc|iPhone.Build.0 = Release|Any CPU
		{D69C65F7-B0AD-484B-A3B4-B6DA4BDB21BE}.Ad-Hoc|iPhoneSimulator.ActiveCfg = Release|Any CPU
		{D69C65F7-B0AD-484B-A3B4-B6DA4BDB21BE}.Ad-Hoc|iPhoneSimulator.Build.0 = Release|Any CPU
		{D69C65F7-B0AD-484B-A3B4-B6DA4BDB21BE}.AppStore|Any CPU.ActiveCfg = Release|Any CPU
		{D69C65F7-B0AD-484B-A3B4-B6DA4BDB21BE}.AppStore|Any CPU.Build.0 = Release|Any CPU
		{D69C65F7-B0AD-484B-A3B4-B6DA4BDB21BE}.AppStore|iPhone.ActiveCfg = Release|Any CPU
		{D69C65F7-B0AD-484B-A3B4-B6DA4BDB21BE}.AppStore|iPhone.Build.0 = Release|Any CPU
		{D69C65F7-B0AD-484B-A3B4-B6DA4BDB21BE}.AppStore|iPhoneSimulator.ActiveCfg = Release|Any CPU
		{D69C65F7-B0AD-484B-A3B4-B6DA4BDB21BE}.AppStore|iPhoneSimulator.Build.0 = Release|Any CPU
		{D69C65F7-B0AD-484B-A3B4-B6DA4BDB21BE}.Debug|Any CPU.ActiveCfg = Debug|Any CPU
		{D69C65F7-B0AD-484B-A3B4-B6DA4BDB21BE}.Debug|Any CPU.Build.0 = Debug|Any CPU
		{D69C65F7-B0AD-484B-A3B4-B6DA4BDB21BE}.Debug|iPhone.ActiveCfg = Debug|Any CPU
		{D69C65F7-B0AD-484B-A3B4-B6DA4BDB21BE}.Debug|iPhone.Build.0 = Debug|Any CPU
		{D69C65F7-B0AD-484B-A3B4-B6DA4BDB21BE}.Debug|iPhoneSimulator.ActiveCfg = Debug|Any CPU
		{D69C65F7-B0AD-484B-A3B4-B6DA4BDB21BE}.Debug|iPhoneSimulator.Build.0 = Debug|Any CPU
		{D69C65F7-B0AD-484B-A3B4-B6DA4BDB21BE}.Release|Any CPU.ActiveCfg = Release|Any CPU
		{D69C65F7-B0AD-484B-A3B4-B6DA4BDB21BE}.Release|Any CPU.Build.0 = Release|Any CPU
		{D69C65F7-B0AD-484B-A3B4-B6DA4BDB21BE}.Release|iPhone.ActiveCfg = Release|Any CPU
		{D69C65F7-B0AD-484B-A3B4-B6DA4BDB21BE}.Release|iPhone.Build.0 = Release|Any CPU
		{D69C65F7-B0AD-484B-A3B4-B6DA4BDB21BE}.Release|iPhoneSimulator.ActiveCfg = Release|Any CPU
		{D69C65F7-B0AD-484B-A3B4-B6DA4BDB21BE}.Release|iPhoneSimulator.Build.0 = Release|Any CPU
	EndGlobalSection
	GlobalSection(SolutionProperties) = preSolution
		HideSolutionNode = FALSE
	EndGlobalSection
	GlobalSection(ExtensibilityGlobals) = postSolution
		SolutionGuid = {8C950C4A-1011-4C76-9EE7-825CD1B0D9D6}
	EndGlobalSection
EndGlobal
